{
    "name": "lingueasy",
    "version": "1.0.0",
    "lockfileVersion": 2,
    "requires": true,
    "packages": {
        "": {
            "name": "lingueasy",
            "version": "1.0.0",
            "license": "ISC",
            "dependencies": {
                "@kdts/real-typeof": "^1.0.4",
                "app-root-path": "^3.1.0",
                "await-resolver": "^1.1.1"
            }
        },
        "node_modules/@kdts/real-typeof": {
            "version": "1.0.4",
            "resolved": "https://registry.npmjs.org/@kdts/real-typeof/-/real-typeof-1.0.4.tgz",
            "integrity": "sha512-qEFMpFdKROBSPlyjOblD6OUj9EuXDPhEXkCdvqWt0rDtz+v6rl4ku/SliZMTyW6oosOt5ftZoYrAtxNp6GuHTw=="
        },
        "node_modules/app-root-path": {
            "version": "3.1.0",
            "resolved": "https://registry.npmjs.org/app-root-path/-/app-root-path-3.1.0.tgz",
            "integrity": "sha512-biN3PwB2gUtjaYy/isrU3aNWI5w+fAfvHkSvCKeQGxhmYpwKFUxudR3Yya+KqVRHBmEDYh+/lTozYCFbmzX4nA==",
            "engines": {
                "node": ">= 6.0.0"
            }
        },
        "node_modules/await-resolver": {
            "version": "1.1.1",
            "resolved": "https://registry.npmjs.org/await-resolver/-/await-resolver-1.1.1.tgz",
            "integrity": "sha512-NcnYoOUwbnySjOMVpFnqNHTdLteyrrleqdETyW8+ODuoVzLJQgLcBrbkp8B2WY0h7wJGk7zXKtEKa+2Vq3iATA=="
        }
    },
    "dependencies": {
        "@kdts/real-typeof": {
            "version": "1.0.4",
            "resolved": "https://registry.npmjs.org/@kdts/real-typeof/-/real-typeof-1.0.4.tgz",
            "integrity": "sha512-qEFMpFdKROBSPlyjOblD6OUj9EuXDPhEXkCdvqWt0rDtz+v6rl4ku/SliZMTyW6oosOt5ftZoYrAtxNp6GuHTw=="
        },
        "app-root-path": {
            "version": "3.1.0",
            "resolved": "https://registry.npmjs.org/app-root-path/-/app-root-path-3.1.0.tgz",
            "integrity": "sha512-biN3PwB2gUtjaYy/isrU3aNWI5w+fAfvHkSvCKeQGxhmYpwKFUxudR3Yya+KqVRHBmEDYh+/lTozYCFbmzX4nA=="
        },
        "await-resolver": {
            "version": "1.1.1",
            "resolved": "https://registry.npmjs.org/await-resolver/-/await-resolver-1.1.1.tgz",
            "integrity": "sha512-NcnYoOUwbnySjOMVpFnqNHTdLteyrrleqdETyW8+ODuoVzLJQgLcBrbkp8B2WY0h7wJGk7zXKtEKa+2Vq3iATA=="
        }
    }
}
